
Microsoft Visual Studio Solution File, Format Version 12.00
# Visual Studio 15
VisualStudioVersion = 15.0.27703.2042
MinimumVisualStudioVersion = 10.0.40219.1
Project("{FAE04EC0-301F-11D3-BF4B-00C04F79EFBC}") = "DBMS", "DBMS\DBMS.csproj", "{B6E5318A-3829-4BBB-9BAF-B26696CED7FD}"
EndProject
Global
	GlobalSection(SolutionConfigurationPlatforms) = preSolution
		Debug|Any CPU = Debug|Any CPU
		Release|Any CPU = Release|Any CPU
	EndGlobalSection
	GlobalSection(ProjectConfigurationPlatforms) = postSolution
		{B6E5318A-3829-4BBB-9BAF-B26696CED7FD}.Debug|Any CPU.ActiveCfg = Debug|Any CPU
		{B6E5318A-3829-4BBB-9BAF-B26696CED7FD}.Debug|Any CPU.Build.0 = Debug|Any CPU
		{B6E5318A-3829-4BBB-9BAF-B26696CED7FD}.Release|Any CPU.ActiveCfg = Release|Any CPU
		{B6E5318A-3829-4BBB-9BAF-B26696CED7FD}.Release|Any CPU.Build.0 = Release|Any CPU
	EndGlobalSection
	GlobalSection(SolutionProperties) = preSolution
		HideSolutionNode = FALSE
	EndGlobalSection
	GlobalSection(ExtensibilityGlobals) = postSolution
		SolutionGuid = {5385BE88-A710-4FDE-B16C-96F1E471AE82}
	EndGlobalSection
EndGlobal
